
Microsoft Visual Studio Solution File, Format Version 12.00
# Visual Studio 15
VisualStudioVersion = 15.0.27703.2018
MinimumVisualStudioVersion = 10.0.40219.1
Project("{8BC9CEB8-8B4A-11D0-8D11-00A0C91BC942}") = "OpenCV入门32", "OpenCV入门32\OpenCV入门32.vcxproj", "{C2B62D82-E32A-4181-8526-5DB6DFF0794B}"
EndProject
Global
	GlobalSection(SolutionConfigurationPlatforms) = preSolution
		Debug|x64 = Debug|x64
		Debug|x86 = Debug|x86
		Release|x64 = Release|x64
		Release|x86 = Release|x86
	EndGlobalSection
	GlobalSection(ProjectConfigurationPlatforms) = postSolution
		{C2B62D82-E32A-4181-8526-5DB6DFF0794B}.Debug|x64.ActiveCfg = Debug|x64
		{C2B62D82-E32A-4181-8526-5DB6DFF0794B}.Debug|x64.Build.0 = Debug|x64
		{C2B62D82-E32A-4181-8526-5DB6DFF0794B}.Debug|x86.ActiveCfg = Debug|Win32
		{C2B62D82-E32A-4181-8526-5DB6DFF0794B}.Debug|x86.Build.0 = Debug|Win32
		{C2B62D82-E32A-4181-8526-5DB6DFF0794B}.Release|x64.ActiveCfg = Release|x64
		{C2B62D82-E32A-4181-8526-5DB6DFF0794B}.Release|x64.Build.0 = Release|x64
		{C2B62D82-E32A-4181-8526-5DB6DFF0794B}.Release|x86.ActiveCfg = Release|Win32
		{C2B62D82-E32A-4181-8526-5DB6DFF0794B}.Release|x86.Build.0 = Release|Win32
	EndGlobalSection
	GlobalSection(SolutionProperties) = preSolution
		HideSolutionNode = FALSE
	EndGlobalSection
	GlobalSection(ExtensibilityGlobals) = postSolution
		SolutionGuid = {7A5D7B68-EBF0-4838-9667-D85B8E487823}
	EndGlobalSection
EndGlobal
